
Microsoft Visual Studio Solution File, Format Version 12.00
# Visual Studio Version 17
VisualStudioVersion = 17.1.32210.238
MinimumVisualStudioVersion = 10.0.40219.1
Project("{9A19103F-16F7-4668-BE54-9A1E7A4F7556}") = "ProjectOrthodontics.API", "ProjectOrthodontics\ProjectOrthodontics.API.csproj", "{DFC182E7-C576-477C-AF58-EA012A1F5EA2}"
EndProject
Project("{FAE04EC0-301F-11D3-BF4B-00C04F79EFBC}") = "ProjectOrthodontics.Core", "ProjectOrthodontics.Core\ProjectOrthodontics.Core.csproj", "{6AACE776-F2EF-4D3F-93F8-CA6665E48ADD}"
EndProject
Project("{FAE04EC0-301F-11D3-BF4B-00C04F79EFBC}") = "ProjectOrtodontics.Data", "ProjectOrtodontics.Data\ProjectOrtodontics.Data.csproj", "{417A1E2C-A30E-4464-8D22-938C912FA637}"
EndProject
Project("{FAE04EC0-301F-11D3-BF4B-00C04F79EFBC}") = "ProjectOrthodontics.Service", "ProjectOrthodontics.Service\ProjectOrthodontics.Service.csproj", "{82B73C0C-94C4-46FD-90FB-40C57B9A266B}"
EndProject
Global
	GlobalSection(SolutionConfigurationPlatforms) = preSolution
		Debug|Any CPU = Debug|Any CPU
		Release|Any CPU = Release|Any CPU
	EndGlobalSection
	GlobalSection(ProjectConfigurationPlatforms) = postSolution
		{DFC182E7-C576-477C-AF58-EA012A1F5EA2}.Debug|Any CPU.ActiveCfg = Debug|Any CPU
		{DFC182E7-C576-477C-AF58-EA012A1F5EA2}.Debug|Any CPU.Build.0 = Debug|Any CPU
		{DFC182E7-C576-477C-AF58-EA012A1F5EA2}.Release|Any CPU.ActiveCfg = Release|Any CPU
		{DFC182E7-C576-477C-AF58-EA012A1F5EA2}.Release|Any CPU.Build.0 = Release|Any CPU
		{6AACE776-F2EF-4D3F-93F8-CA6665E48ADD}.Debug|Any CPU.ActiveCfg = Debug|Any CPU
		{6AACE776-F2EF-4D3F-93F8-CA6665E48ADD}.Debug|Any CPU.Build.0 = Debug|Any CPU
		{6AACE776-F2EF-4D3F-93F8-CA6665E48ADD}.Release|Any CPU.ActiveCfg = Release|Any CPU
		{6AACE776-F2EF-4D3F-93F8-CA6665E48ADD}.Release|Any CPU.Build.0 = Release|Any CPU
		{417A1E2C-A30E-4464-8D22-938C912FA637}.Debug|Any CPU.ActiveCfg = Debug|Any CPU
		{417A1E2C-A30E-4464-8D22-938C912FA637}.Debug|Any CPU.Build.0 = Debug|Any CPU
		{417A1E2C-A30E-4464-8D22-938C912FA637}.Release|Any CPU.ActiveCfg = Release|Any CPU
		{417A1E2C-A30E-4464-8D22-938C912FA637}.Release|Any CPU.Build.0 = Release|Any CPU
		{82B73C0C-94C4-46FD-90FB-40C57B9A266B}.Debug|Any CPU.ActiveCfg = Debug|Any CPU
		{82B73C0C-94C4-46FD-90FB-40C57B9A266B}.Debug|Any CPU.Build.0 = Debug|Any CPU
		{82B73C0C-94C4-46FD-90FB-40C57B9A266B}.Release|Any CPU.ActiveCfg = Release|Any CPU
		{82B73C0C-94C4-46FD-90FB-40C57B9A266B}.Release|Any CPU.Build.0 = Release|Any CPU
	EndGlobalSection
	GlobalSection(SolutionProperties) = preSolution
		HideSolutionNode = FALSE
	EndGlobalSection
	GlobalSection(ExtensibilityGlobals) = postSolution
		SolutionGuid = {4A5DB8A0-7AF9-481A-80D6-84A5F2841A03}
	EndGlobalSection
EndGlobal
